// !$*UTF8*$!
{
	archiveVersion = 1;
	classes = {
	};
	objectVersion = 77;
	objects = {

/* Begin PBXContainerItemProxy section */
		B4B20B642CC81A6600F1353B /* PBXContainerItemProxy */ = {
			isa = PBXContainerItemProxy;
			containerPortal = B4B20B4B2CC81A6400F1353B /* Project object */;
			proxyType = 1;
			remoteGlobalIDString = B4B20B522CC81A6400F1353B;
			remoteInfo = "Old Tree";
		};
		B4B20B6E2CC81A6600F1353B /* PBXContainerItemProxy */ = {
			isa = PBXContainerItemProxy;
			containerPortal = B4B20B4B2CC81A6400F1353B /* Project object */;
			proxyType = 1;
			remoteGlobalIDString = B4B20B522CC81A6400F1353B;
			remoteInfo = "Old Tree";
		};
/* End PBXContainerItemProxy section */

/* Begin PBXFileReference section */
		B4B20B532CC81A6400F1353B /* Old Tree.app */ = {isa = PBXFileReference; explicitFileType = wrapper.application; includeInIndex = 0; path = "Old Tree.app"; sourceTree = BUILT_PRODUCTS_DIR; };
		B4B20B632CC81A6600F1353B /* Old TreeTests.xctest */ = {isa = PBXFileReference; explicitFileType = wrapper.cfbundle; includeInIndex = 0; path = "Old TreeTests.xctest"; sourceTree = BUILT_PRODUCTS_DIR; };
		B4B20B6D2CC81A6600F1353B /* Old TreeUITests.xctest */ = {isa = PBXFileReference; explicitFileType = wrapper.cfbundle; includeInIndex = 0; path = "Old TreeUITests.xctest"; sourceTree = BUILT_PRODUCTS_DIR; };
/* End PBXFileReference section */

/* Begin PBXFileSystemSynchronizedRootGroup section */
		B4B20B552CC81A6400F1353B /* Old Tree */ = {
			isa = PBXFileSystemSynchronizedRootGroup;
			path = "Old Tree";
			sourceTree = "<group>";
		};
		B4B20B662CC81A6600F1353B /* Old TreeTests */ = {
			isa = PBXFileSystemSynchronizedRootGroup;
			path = "Old TreeTests";
			sourceTree = "<group>";
		};
		B4B20B702CC81A6600F1353B /* Old TreeUITests */ = {
			isa = PBXFileSystemSynchronizedRootGroup;
			path = "Old TreeUITests";
			sourceTree = "<group>";
		};
/* End PBXFileSystemSynchronizedRootGroup section */

/* Begin PBXFrameworksBuildPhase section */
		B4B20B502CC81A6400F1353B /* Frameworks */ = {
			isa = PBXFrameworksBuildPhase;
			buildActionMask = 2147483647;
			files = (
			);
			runOnlyForDeploymentPostprocessing = 0;
		};
		B4B20B602CC81A6600F1353B /* Frameworks */ = {
			isa = PBXFrameworksBuildPhase;
			buildActionMask = 2147483647;
			files = (
			);
			runOnlyForDeploymentPostprocessing = 0;
		};
		B4B20B6A2CC81A6600F1353B /* Frameworks */ = {
			isa = PBXFrameworksBuildPhase;
			buildActionMask = 2147483647;
			files = (
			);
			runOnlyForDeploymentPostprocessing = 0;
		};
/* End PBXFrameworksBuildPhase section */

/* Begin PBXGroup section */
		B4B20B4A2CC81A6400F1353B = {
			isa = PBXGroup;
			children = (
				B4B20B552CC81A6400F1353B /* Old Tree */,
				B4B20B662CC81A6600F1353B /* Old TreeTests */,
				B4B20B702CC81A6600F1353B /* Old TreeUITests */,
				B4B20B542CC81A6400F1353B /* Products */,
			);
			sourceTree = "<group>";
		};
		B4B20B542CC81A6400F1353B /* Products */ = {
			isa = PBXGroup;
			children = (
				B4B20B532CC81A6400F1353B /* Old Tree.app */,
				B4B20B632CC81A6600F1353B /* Old TreeTests.xctest */,
				B4B20B6D2CC81A6600F1353B /* Old TreeUITests.xctest */,
			);
			name = Products;
			sourceTree = "<group>";
		};
/* End PBXGroup section */

/* Begin PBXNativeTarget section */
		B4B20B522CC81A6400F1353B /* Old Tree */ = {
			isa = PBXNativeTarget;
			buildConfigurationList = B4B20B772CC81A6600F1353B /* Build configuration list for PBXNativeTarget "Old Tree" */;
			buildPhases = (
				B4B20B4F2CC81A6400F1353B /* Sources */,
				B4B20B502CC81A6400F1353B /* Frameworks */,
				B4B20B512CC81A6400F1353B /* Resources */,
			);
			buildRules = (
			);
			dependencies = (
			);
			fileSystemSynchronizedGroups = (
				B4B20B552CC81A6400F1353B /* Old Tree */,
			);
			name = "Old Tree";
			packageProductDependencies = (
			);
			productName = "Old Tree";
			productReference = B4B20B532CC81A6400F1353B /* Old Tree.app */;
			productType = "com.apple.product-type.application";
		};
		B4B20B622CC81A6600F1353B /* Old TreeTests */ = {
			isa = PBXNativeTarget;
			buildConfigurationList = B4B20B7A2CC81A6600F1353B /* Build configuration list for PBXNativeTarget "Old TreeTests" */;
			buildPhases = (
				B4B20B5F2CC81A6600F1353B /* Sources */,
				B4B20B602CC81A6600F1353B /* Frameworks */,
				B4B20B612CC81A6600F1353B /* Resources */,
			);
			buildRules = (
			);
			dependencies = (
				B4B20B652CC81A6600F1353B /* PBXTargetDependency */,
			);
			fileSystemSynchronizedGroups = (
				B4B20B662CC81A6600F1353B /* Old TreeTests */,
			);
			name = "Old TreeTests";
			packageProductDependencies = (
			);
			productName = "Old TreeTests";
			productReference = B4B20B632CC81A6600F1353B /* Old TreeTests.xctest */;
			productType = "com.apple.product-type.bundle.unit-test";
		};
		B4B20B6C2CC81A6600F1353B /* Old TreeUITests */ = {
			isa = PBXNativeTarget;
			buildConfigurationList = B4B20B7D2CC81A6600F1353B /* Build configuration list for PBXNativeTarget "Old TreeUITests" */;
			buildPhases = (
				B4B20B692CC81A6600F1353B /* Sources */,
				B4B20B6A2CC81A6600F1353B /* Frameworks */,
				B4B20B6B2CC81A6600F1353B /* Resources */,
			);
			buildRules = (
			);
			dependencies = (
				B4B20B6F2CC81A6600F1353B /* PBXTargetDependency */,
			);
			fileSystemSynchronizedGroups = (
				B4B20B702CC81A6600F1353B /* Old TreeUITests */,
			);
			name = "Old TreeUITests";
			packageProductDependencies = (
			);
			productName = "Old TreeUITests";
			productReference = B4B20B6D2CC81A6600F1353B /* Old TreeUITests.xctest */;
			productType = "com.apple.product-type.bundle.ui-testing";
		};
/* End PBXNativeTarget section */

/* Begin PBXProject section */
		B4B20B4B2CC81A6400F1353B /* Project object */ = {
			isa = PBXProject;
			attributes = {
				BuildIndependentTargetsInParallel = 1;
				LastSwiftUpdateCheck = 1600;
				LastUpgradeCheck = 1600;
				TargetAttributes = {
					B4B20B522CC81A6400F1353B = {
						CreatedOnToolsVersion = 16.0;
					};
					B4B20B622CC81A6600F1353B = {
						CreatedOnToolsVersion = 16.0;
						TestTargetID = B4B20B522CC81A6400F1353B;
					};
					B4B20B6C2CC81A6600F1353B = {
						CreatedOnToolsVersion = 16.0;
						TestTargetID = B4B20B522CC81A6400F1353B;
					};
				};
			};
			buildConfigurationList = B4B20B4E2CC81A6400F1353B /* Build configuration list for PBXProject "Old Tree" */;
			developmentRegion = en;
			hasScannedForEncodings = 0;
			knownRegions = (
				en,
				Base,
			);
			mainGroup = B4B20B4A2CC81A6400F1353B;
			minimizedProjectReferenceProxies = 1;
			preferredProjectObjectVersion = 77;
			productRefGroup = B4B20B542CC81A6400F1353B /* Products */;
			projectDirPath = "";
			projectRoot = "";
			targets = (
				B4B20B522CC81A6400F1353B /* Old Tree */,
				B4B20B622CC81A6600F1353B /* Old TreeTests */,
				B4B20B6C2CC81A6600F1353B /* Old TreeUITests */,
			);
		};
/* End PBXProject section */

/* Begin PBXResourcesBuildPhase section */
		B4B20B512CC81A6400F1353B /* Resources */ = {
			isa = PBXResourcesBuildPhase;
			buildActionMask = 2147483647;
			files = (
			);
			runOnlyForDeploymentPostprocessing = 0;
		};
		B4B20B612CC81A6600F1353B /* Resources */ = {
			isa = PBXResourcesBuildPhase;
			buildActionMask = 2147483647;
			files = (
			);
			runOnlyForDeploymentPostprocessing = 0;
		};
		B4B20B6B2CC81A6600F1353B /* Resources */ = {
			isa = PBXResourcesBuildPhase;
			buildActionMask = 2147483647;
			files = (
			);
			runOnlyForDeploymentPostprocessing = 0;
		};
/* End PBXResourcesBuildPhase section */

/* Begin PBXSourcesBuildPhase section */
		B4B20B4F2CC81A6400F1353B /* Sources */ = {
			isa = PBXSourcesBuildPhase;
			buildActionMask = 2147483647;
			files = (
			);
			runOnlyForDeploymentPostprocessing = 0;
		};
		B4B20B5F2CC81A6600F1353B /* Sources */ = {
			isa = PBXSourcesBuildPhase;
			buildActionMask = 2147483647;
			files = (
			);
			runOnlyForDeploymentPostprocessing = 0;
		};
		B4B20B692CC81A6600F1353B /* Sources */ = {
			isa = PBXSourcesBuildPhase;
			buildActionMask = 2147483647;
			files = (
			);
			runOnlyForDeploymentPostprocessing = 0;
		};
/* End PBXSourcesBuildPhase section */

/* Begin PBXTargetDependency section */
		B4B20B652CC81A6600F1353B /* PBXTargetDependency */ = {
			isa = PBXTargetDependency;
			target = B4B20B522CC81A6400F1353B /* Old Tree */;
			targetProxy = B4B20B642CC81A6600F1353B /* PBXContainerItemProxy */;
		};
		B4B20B6F2CC81A6600F1353B /* PBXTargetDependency */ = {
			isa = PBXTargetDependency;
			target = B4B20B522CC81A6400F1353B /* Old Tree */;
			targetProxy = B4B20B6E2CC81A6600F1353B /* PBXContainerItemProxy */;
		};
/* End PBXTargetDependency section */

/* Begin XCBuildConfiguration section */
		B4B20B752CC81A6600F1353B /* Debug */ = {
			isa = XCBuildConfiguration;
			buildSettings = {
				ALWAYS_SEARCH_USER_PATHS = NO;
				ASSETCATALOG_COMPILER_GENERATE_SWIFT_ASSET_SYMBOL_EXTENSIONS = YES;
				CLANG_ANALYZER_NONNULL = YES;
				CLANG_ANALYZER_NUMBER_OBJECT_CONVERSION = YES_AGGRESSIVE;
				CLANG_CXX_LANGUAGE_STANDARD = "gnu++20";
				CLANG_ENABLE_MODULES = YES;
				CLANG_ENABLE_OBJC_ARC = YES;
				CLANG_ENABLE_OBJC_WEAK = YES;
				CLANG_WARN_BLOCK_CAPTURE_AUTORELEASING = YES;
				CLANG_WARN_BOOL_CONVERSION = YES;
				CLANG_WARN_COMMA = YES;
				CLANG_WARN_CONSTANT_CONVERSION = YES;
				CLANG_WARN_DEPRECATED_OBJC_IMPLEMENTATIONS = YES;
				CLANG_WARN_DIRECT_OBJC_ISA_USAGE = YES_ERROR;
				CLANG_WARN_DOCUMENTATION_COMMENTS = YES;
				CLANG_WARN_EMPTY_BODY = YES;
				CLANG_WARN_ENUM_CONVERSION = YES;
				CLANG_WARN_INFINITE_RECURSION = YES;
				CLANG_WARN_INT_CONVERSION = YES;
				CLANG_WARN_NON_LITERAL_NULL_CONVERSION = YES;
				CLANG_WARN_OBJC_IMPLICIT_RETAIN_SELF = YES;
				CLANG_WARN_OBJC_LITERAL_CONVERSION = YES;
				CLANG_WARN_OBJC_ROOT_CLASS = YES_ERROR;
				CLANG_WARN_QUOTED_INCLUDE_IN_FRAMEWORK_HEADER = YES;
				CLANG_WARN_RANGE_LOOP_ANALYSIS = YES;
				CLANG_WARN_STRICT_PROTOTYPES = YES;
				CLANG_WARN_SUSPICIOUS_MOVE = YES;
				CLANG_WARN_UNGUARDED_AVAILABILITY = YES_AGGRESSIVE;
				CLANG_WARN_UNREACHABLE_CODE = YES;
				CLANG_WARN__DUPLICATE_METHOD_MATCH = YES;
				COPY_PHASE_STRIP = NO;
				DEBUG_INFORMATION_FORMAT = dwarf;
				ENABLE_STRICT_OBJC_MSGSEND = YES;
				ENABLE_TESTABILITY = YES;
				ENABLE_USER_SCRIPT_SANDBOXING = YES;
				GCC_C_LANGUAGE_STANDARD = gnu17;
				GCC_DYNAMIC_NO_PIC = NO;
				GCC_NO_COMMON_BLOCKS = YES;
				GCC_OPTIMIZATION_LEVEL = 0;
				GCC_PREPROCESSOR_DEFINITIONS = (
					"DEBUG=1",
					"$(inherited)",
				);
				GCC_WARN_64_TO_32_BIT_CONVERSION = YES;
				GCC_WARN_ABOUT_RETURN_TYPE = YES_ERROR;
				GCC_WARN_UNDECLARED_SELECTOR = YES;
				GCC_WARN_UNINITIALIZED_AUTOS = YES_AGGRESSIVE;
				GCC_WARN_UNUSED_FUNCTION = YES;
				GCC_WARN_UNUSED_VARIABLE = YES;
				IPHONEOS_DEPLOYMENT_TARGET = 18.0;
				LOCALIZATION_PREFERS_STRING_CATALOGS = YES;
				MTL_ENABLE_DEBUG_INFO = INCLUDE_SOURCE;
				MTL_FAST_MATH = YES;
				ONLY_ACTIVE_ARCH = YES;
				SDKROOT = iphoneos;
				SWIFT_ACTIVE_COMPILATION_CONDITIONS = "DEBUG $(inherited)";
				SWIFT_OPTIMIZATION_LEVEL = "-Onone";
			};
			name = Debug;
		};
		B4B20B762CC81A6600F1353B /* Release */ = {
			isa = XCBuildConfiguration;
			buildSettings = {
				ALWAYS_SEARCH_USER_PATHS = NO;
				ASSETCATALOG_COMPILER_GENERATE_SWIFT_ASSET_SYMBOL_EXTENSIONS = YES;
				CLANG_ANALYZER_NONNULL = YES;
				CLANG_ANALYZER_NUMBER_OBJECT_CONVERSION = YES_AGGRESSIVE;
				CLANG_CXX_LANGUAGE_STANDARD = "gnu++20";
				CLANG_ENABLE_MODULES = YES;
				CLANG_ENABLE_OBJC_ARC = YES;
				CLANG_ENABLE_OBJC_WEAK = YES;
				CLANG_WARN_BLOCK_CAPTURE_AUTORELEASING = YES;
				CLANG_WARN_BOOL_CONVERSION = YES;
				CLANG_WARN_COMMA = YES;
				CLANG_WARN_CONSTANT_CONVERSION = YES;
				CLANG_WARN_DEPRECATED_OBJC_IMPLEMENTATIONS = YES;
				CLANG_WARN_DIRECT_OBJC_ISA_USAGE = YES_ERROR;
				CLANG_WARN_DOCUMENTATION_COMMENTS = YES;
				CLANG_WARN_EMPTY_BODY = YES;
				CLANG_WARN_ENUM_CONVERSION = YES;
				CLANG_WARN_INFINITE_RECURSION = YES;
				CLANG_WARN_INT_CONVERSION = YES;
				CLANG_WARN_NON_LITERAL_NULL_CONVERSION = YES;
				CLANG_WARN_OBJC_IMPLICIT_RETAIN_SELF = YES;
				CLANG_WARN_OBJC_LITERAL_CONVERSION = YES;
				CLANG_WARN_OBJC_ROOT_CLASS = YES_ERROR;
				CLANG_WARN_QUOTED_INCLUDE_IN_FRAMEWORK_HEADER = YES;
				CLANG_WARN_RANGE_LOOP_ANALYSIS = YES;
				CLANG_WARN_STRICT_PROTOTYPES = YES;
				CLANG_WARN_SUSPICIOUS_MOVE = YES;
				CLANG_WARN_UNGUARDED_AVAILABILITY = YES_AGGRESSIVE;
				CLANG_WARN_UNREACHABLE_CODE = YES;
				CLANG_WARN__DUPLICATE_METHOD_MATCH = YES;
				COPY_PHASE_STRIP = NO;
				DEBUG_INFORMATION_FORMAT = "dwarf-with-dsym";
				ENABLE_NS_ASSERTIONS = NO;
				ENABLE_STRICT_OBJC_MSGSEND = YES;
				ENABLE_USER_SCRIPT_SANDBOXING = YES;
				GCC_C_LANGUAGE_STANDARD = gnu17;
				GCC_NO_COMMON_BLOCKS = YES;
				GCC_WARN_64_TO_32_BIT_CONVERSION = YES;
				GCC_WARN_ABOUT_RETURN_TYPE = YES_ERROR;
				GCC_WARN_UNDECLARED_SELECTOR = YES;
				GCC_WARN_UNINITIALIZED_AUTOS = YES_AGGRESSIVE;
				GCC_WARN_UNUSED_FUNCTION = YES;
				GCC_WARN_UNUSED_VARIABLE = YES;
				IPHONEOS_DEPLOYMENT_TARGET = 18.0;
				LOCALIZATION_PREFERS_STRING_CATALOGS = YES;
				MTL_ENABLE_DEBUG_INFO = NO;
				MTL_FAST_MATH = YES;
				SDKROOT = iphoneos;
				SWIFT_COMPILATION_MODE = wholemodule;
				VALIDATE_PRODUCT = YES;
			};
			name = Release;
		};
		B4B20B782CC81A6600F1353B /* Debug */ = {
			isa = XCBuildConfiguration;
			buildSettings = {
				ASSETCATALOG_COMPILER_APPICON_NAME = AppIcon;
				ASSETCATALOG_COMPILER_GLOBAL_ACCENT_COLOR_NAME = AccentColor;
				CODE_SIGN_STYLE = Automatic;
				CURRENT_PROJECT_VERSION = 1;
				DEVELOPMENT_ASSET_PATHS = "\"Old Tree/Preview Content\"";
				ENABLE_PREVIEWS = YES;
				GENERATE_INFOPLIST_FILE = YES;
				INFOPLIST_KEY_UIApplicationSceneManifest_Generation = YES;
				INFOPLIST_KEY_UIApplicationSupportsIndirectInputEvents = YES;
				INFOPLIST_KEY_UILaunchScreen_Generation = YES;
				INFOPLIST_KEY_UISupportedInterfaceOrientations_iPad = "UIInterfaceOrientationPortrait UIInterfaceOrientationPortraitUpsideDown UIInterfaceOrientationLandscapeLeft UIInterfaceOrientationLandscapeRight";
				INFOPLIST_KEY_UISupportedInterfaceOrientations_iPhone = "UIInterfaceOrientationPortrait UIInterfaceOrientationLandscapeLeft UIInterfaceOrientationLandscapeRight";
				LD_RUNPATH_SEARCH_PATHS = (
					"$(inherited)",
					"@executable_path/Frameworks",
				);
				MARKETING_VERSION = 1.0;
				PRODUCT_BUNDLE_IDENTIFIER = "Japps.Old-Tree";
				PRODUCT_NAME = "$(TARGET_NAME)";
				SWIFT_EMIT_LOC_STRINGS = YES;
				SWIFT_VERSION = 5.0;
				TARGETED_DEVICE_FAMILY = "1,2";
			};
			name = Debug;
		};
		B4B20B792CC81A6600F1353B /* Release */ = {
			isa = XCBuildConfiguration;
			buildSettings = {
				ASSETCATALOG_COMPILER_APPICON_NAME = AppIcon;
				ASSETCATALOG_COMPILER_GLOBAL_ACCENT_COLOR_NAME = AccentColor;
				CODE_SIGN_STYLE = Automatic;
				CURRENT_PROJECT_VERSION = 1;
				DEVELOPMENT_ASSET_PATHS = "\"Old Tree/Preview Content\"";
				ENABLE_PREVIEWS = YES;
				GENERATE_INFOPLIST_FILE = YES;
				INFOPLIST_KEY_UIApplicationSceneManifest_Generation = YES;
				INFOPLIST_KEY_UIApplicationSupportsIndirectInputEvents = YES;
				INFOPLIST_KEY_UILaunchScreen_Generation = YES;
				INFOPLIST_KEY_UISupportedInterfaceOrientations_iPad = "UIInterfaceOrientationPortrait UIInterfaceOrientationPortraitUpsideDown UIInterfaceOrientationLandscapeLeft UIInterfaceOrientationLandscapeRight";
				INFOPLIST_KEY_UISupportedInterfaceOrientations_iPhone = "UIInterfaceOrientationPortrait UIInterfaceOrientationLandscapeLeft UIInterfaceOrientationLandscapeRight";
				LD_RUNPATH_SEARCH_PATHS = (
					"$(inherited)",
					"@executable_path/Frameworks",
				);
				MARKETING_VERSION = 1.0;
				PRODUCT_BUNDLE_IDENTIFIER = "Japps.Old-Tree";
				PRODUCT_NAME = "$(TARGET_NAME)";
				SWIFT_EMIT_LOC_STRINGS = YES;
				SWIFT_VERSION = 5.0;
				TARGETED_DEVICE_FAMILY = "1,2";
			};
			name = Release;
		};
		B4B20B7B2CC81A6600F1353B /* Debug */ = {
			isa = XCBuildConfiguration;
			buildSettings = {
				BUNDLE_LOADER = "$(TEST_HOST)";
				CODE_SIGN_STYLE = Automatic;
				CURRENT_PROJECT_VERSION = 1;
				GENERATE_INFOPLIST_FILE = YES;
				IPHONEOS_DEPLOYMENT_TARGET = 18.0;
				MARKETING_VERSION = 1.0;
				PRODUCT_BUNDLE_IDENTIFIER = "Japps.Old-TreeTests";
				PRODUCT_NAME = "$(TARGET_NAME)";
				SWIFT_EMIT_LOC_STRINGS = NO;
				SWIFT_VERSION = 5.0;
				TARGETED_DEVICE_FAMILY = "1,2";
				TEST_HOST = "$(BUILT_PRODUCTS_DIR)/Old Tree.app/$(BUNDLE_EXECUTABLE_FOLDER_PATH)/Old Tree";
			};
			name = Debug;
		};
		B4B20B7C2CC81A6600F1353B /* Release */ = {
			isa = XCBuildConfiguration;
			buildSettings = {
				BUNDLE_LOADER = "$(TEST_HOST)";
				CODE_SIGN_STYLE = Automatic;
				CURRENT_PROJECT_VERSION = 1;
				GENERATE_INFOPLIST_FILE = YES;
				IPHONEOS_DEPLOYMENT_TARGET = 18.0;
				MARKETING_VERSION = 1.0;
				PRODUCT_BUNDLE_IDENTIFIER = "Japps.Old-TreeTests";
				PRODUCT_NAME = "$(TARGET_NAME)";
				SWIFT_EMIT_LOC_STRINGS = NO;
				SWIFT_VERSION = 5.0;
				TARGETED_DEVICE_FAMILY = "1,2";
				TEST_HOST = "$(BUILT_PRODUCTS_DIR)/Old Tree.app/$(BUNDLE_EXECUTABLE_FOLDER_PATH)/Old Tree";
			};
			name = Release;
		};
		B4B20B7E2CC81A6600F1353B /* Debug */ = {
			isa = XCBuildConfiguration;
			buildSettings = {
				CODE_SIGN_STYLE = Automatic;
				CURRENT_PROJECT_VERSION = 1;
				GENERATE_INFOPLIST_FILE = YES;
				MARKETING_VERSION = 1.0;
				PRODUCT_BUNDLE_IDENTIFIER = "Japps.Old-TreeUITests";
				PRODUCT_NAME = "$(TARGET_NAME)";
				SWIFT_EMIT_LOC_STRINGS = NO;
				SWIFT_VERSION = 5.0;
				TARGETED_DEVICE_FAMILY = "1,2";
				TEST_TARGET_NAME = "Old Tree";
			};
			name = Debug;
		};
		B4B20B7F2CC81A6600F1353B /* Release */ = {
			isa = XCBuildConfiguration;
			buildSettings = {
				CODE_SIGN_STYLE = Automatic;
				CURRENT_PROJECT_VERSION = 1;
				GENERATE_INFOPLIST_FILE = YES;
				MARKETING_VERSION = 1.0;
				PRODUCT_BUNDLE_IDENTIFIER = "Japps.Old-TreeUITests";
				PRODUCT_NAME = "$(TARGET_NAME)";
				SWIFT_EMIT_LOC_STRINGS = NO;
				SWIFT_VERSION = 5.0;
				TARGETED_DEVICE_FAMILY = "1,2";
				TEST_TARGET_NAME = "Old Tree";
			};
			name = Release;
		};
/* End XCBuildConfiguration section */

/* Begin XCConfigurationList section */
		B4B20B4E2CC81A6400F1353B /* Build configuration list for PBXProject "Old Tree" */ = {
			isa = XCConfigurationList;
			buildConfigurations = (
				B4B20B752CC81A6600F1353B /* Debug */,
				B4B20B762CC81A6600F1353B /* Release */,
			);
			defaultConfigurationIsVisible = 0;
			defaultConfigurationName = Release;
		};
		B4B20B772CC81A6600F1353B /* Build configuration list for PBXNativeTarget "Old Tree" */ = {
			isa = XCConfigurationList;
			buildConfigurations = (
				B4B20B782CC81A6600F1353B /* Debug */,
				B4B20B792CC81A6600F1353B /* Release */,
			);
			defaultConfigurationIsVisible = 0;
			defaultConfigurationName = Release;
		};
		B4B20B7A2CC81A6600F1353B /* Build configuration list for PBXNativeTarget "Old TreeTests" */ = {
			isa = XCConfigurationList;
			buildConfigurations = (
				B4B20B7B2CC81A6600F1353B /* Debug */,
				B4B20B7C2CC81A6600F1353B /* Release */,
			);
			defaultConfigurationIsVisible = 0;
			defaultConfigurationName = Release;
		};
		B4B20B7D2CC81A6600F1353B /* Build configuration list for PBXNativeTarget "Old TreeUITests" */ = {
			isa = XCConfigurationList;
			buildConfigurations = (
				B4B20B7E2CC81A6600F1353B /* Debug */,
				B4B20B7F2CC81A6600F1353B /* Release */,
			);
			defaultConfigurationIsVisible = 0;
			defaultConfigurationName = Release;
		};
/* End XCConfigurationList section */
	};
	rootObject = B4B20B4B2CC81A6400F1353B /* Project object */;
}
